// !$*UTF8*$!
{
	archiveVersion = 1;
	classes = {
	};
	objectVersion = 39;
	objects = {
		014CEA420018CDE011CA2923 = {
			buildSettings = {
				COPY_PHASE_STRIP = NO;
				GCC_DYNAMIC_NO_PIC = NO;
				GCC_ENABLE_FIX_AND_CONTINUE = YES;
				GCC_GENERATE_DEBUGGING_SYMBOLS = YES;
				GCC_OPTIMIZATION_LEVEL = 0;
				OPTIMIZATION_CFLAGS = "-O0";
				ZERO_LINK = YES;
			};
			isa = PBXBuildStyle;
			name = Development;
		};
		014CEA430018CDE011CA2923 = {
			buildSettings = {
				COPY_PHASE_STRIP = YES;
				GCC_ENABLE_FIX_AND_CONTINUE = NO;
				ZERO_LINK = NO;
			};
			isa = PBXBuildStyle;
			name = Deployment;
		};
//010
//011
//012
//013
//014
//080
//081
//082
//083
//084
		089C1669FE841209C02AAC07 = {
			buildSettings = {
			};
			buildStyles = (
				014CEA420018CDE011CA2923,
				014CEA430018CDE011CA2923,
			);
			hasScannedForEncodings = 1;
			isa = PBXProject;
			mainGroup = 089C166AFE841209C02AAC07;
			projectDirPath = "";
			targets = (
				4B42590209FF7690003FF67A,
			);
		};
		089C166AFE841209C02AAC07 = {
			children = (
				33372AA708587677008D8015,
				B2FF4ECC0529FBBF001F90A7,
				08FB77AFFE84173DC02AAC07,
				089C1671FE841209C02AAC07,
				19C28FB8FE9D52D311CA2CBB,
				4B42594A09FF7AA2003FF67A,
			);
			isa = PBXGroup;
			name = bundle_test;
			refType = 4;
			sourceTree = "<group>";
		};
		089C1671FE841209C02AAC07 = {
			children = (
				B2F0252306F4C83200E9C25F,
				B2CE54B805CA517B00667293,
				B22EE371052900E3008EDF11,
				B282F7CF04CB1F3900ECBF7F,
				B23C897004CB1A7E00F1E491,
			);
			isa = PBXGroup;
			name = "Frameworks and Libraries";
			refType = 4;
			sourceTree = "<group>";
		};
		08FB77AFFE84173DC02AAC07 = {
			children = (
				4BE06BB908608F2C00B6C3EC,
			);
			isa = PBXGroup;
			name = src;
			refType = 4;
			sourceTree = "<group>";
		};
//080
//081
//082
//083
//084
//190
//191
//192
//193
//194
		19C28FB8FE9D52D311CA2CBB = {
			children = (
				4B42592409FF7690003FF67A,
			);
			isa = PBXGroup;
			name = Products;
			refType = 4;
			sourceTree = "<group>";
		};
//190
//191
//192
//193
//194
//330
//331
//332
//333
//334
		33372AA708587677008D8015 = {
			children = (
				33372AA808587677008D8015,
				33372AA908587677008D8015,
				33372AAA08587677008D8015,
				33372AAB08587677008D8015,
				33372AAC08587677008D8015,
				33372AAD08587677008D8015,
				33372AAE08587677008D8015,
				33372AAF08587677008D8015,
				33372AB008587677008D8015,
				33372AB108587677008D8015,
				33372AB208587677008D8015,
				33372AB308587677008D8015,
				33372AB408587677008D8015,
				33372AB508587677008D8015,
				33372AB608587677008D8015,
				33372AB708587677008D8015,
				33372AB808587677008D8015,
			);
			isa = PBXGroup;
			path = VSTSDK;
			refType = 2;
			sourceTree = SOURCE_ROOT;
		};
		33372AA808587677008D8015 = {
			fileEncoding = 30;
			isa = PBXFileReference;
			lastKnownFileType = sourcecode.c.h;
			path = AEffect.h;
			refType = 4;
			sourceTree = "<group>";
		};
		33372AA908587677008D8015 = {
			fileEncoding = 30;
			isa = PBXFileReference;
			lastKnownFileType = sourcecode.c.h;
			path = aeffectx.h;
			refType = 4;
			sourceTree = "<group>";
		};
		33372AAA08587677008D8015 = {
			fileEncoding = 30;
			isa = PBXFileReference;
			lastKnownFileType = sourcecode.cpp.h;
			path = AEffEditor.hpp;
			refType = 4;
			sourceTree = "<group>";
		};
		33372AAB08587677008D8015 = {
			fileEncoding = 30;
			isa = PBXFileReference;
			lastKnownFileType = sourcecode.cpp.cpp;
			path = aeffguieditor.cpp;
			refType = 4;
			sourceTree = "<group>";
		};
		33372AAC08587677008D8015 = {
			fileEncoding = 30;
			isa = PBXFileReference;
			lastKnownFileType = sourcecode.c.h;
			path = aeffguieditor.h;
			refType = 4;
			sourceTree = "<group>";
		};
		33372AAD08587677008D8015 = {
			fileEncoding = 30;
			isa = PBXFileReference;
			lastKnownFileType = sourcecode.cpp.cpp;
			path = AudioEffect.cpp;
			refType = 4;
			sourceTree = "<group>";
		};
		33372AAE08587677008D8015 = {
			fileEncoding = 30;
			isa = PBXFileReference;
			lastKnownFileType = sourcecode.cpp.h;
			path = AudioEffect.hpp;
			refType = 4;
			sourceTree = "<group>";
		};
		33372AAF08587677008D8015 = {
			fileEncoding = 30;
			isa = PBXFileReference;
			lastKnownFileType = sourcecode.cpp.cpp;
			path = audioeffectx.cpp;
			refType = 4;
			sourceTree = "<group>";
		};
		33372AB008587677008D8015 = {
			fileEncoding = 30;
			isa = PBXFileReference;
			lastKnownFileType = sourcecode.c.h;
			path = audioeffectx.h;
			refType = 4;
			sourceTree = "<group>";
		};
		33372AB108587677008D8015 = {
			fileEncoding = 30;
			isa = PBXFileReference;
			lastKnownFileType = sourcecode.cpp.cpp;
			path = vstcontrols.cpp;
			refType = 4;
			sourceTree = "<group>";
		};
		33372AB208587677008D8015 = {
			fileEncoding = 30;
			isa = PBXFileReference;
			lastKnownFileType = sourcecode.c.h;
			path = vstcontrols.h;
			refType = 4;
			sourceTree = "<group>";
		};
		33372AB308587677008D8015 = {
			fileEncoding = 30;
			isa = PBXFileReference;
			lastKnownFileType = sourcecode.c.h;
			path = vstfxstore.h;
			refType = 4;
			sourceTree = "<group>";
		};
		33372AB408587677008D8015 = {
			fileEncoding = 30;
			isa = PBXFileReference;
			lastKnownFileType = sourcecode.cpp.cpp;
			path = vstgui.cpp;
			refType = 4;
			sourceTree = "<group>";
		};
		33372AB508587677008D8015 = {
			fileEncoding = 30;
			isa = PBXFileReference;
			lastKnownFileType = sourcecode.c.h;
			path = vstgui.h;
			refType = 4;
			sourceTree = "<group>";
		};
		33372AB608587677008D8015 = {
			fileEncoding = 30;
			isa = PBXFileReference;
			lastKnownFileType = sourcecode.c.h;
			path = vstplugscarbon.h;
			refType = 4;
			sourceTree = "<group>";
		};
		33372AB708587677008D8015 = {
			fileEncoding = 30;
			isa = PBXFileReference;
			lastKnownFileType = sourcecode.c.h;
			path = vstplugsmac.h;
			refType = 4;
			sourceTree = "<group>";
		};
		33372AB808587677008D8015 = {
			fileEncoding = 30;
			isa = PBXFileReference;
			lastKnownFileType = sourcecode.c.h;
			path = vstplugsmacho.h;
			refType = 4;
			sourceTree = "<group>";
		};
//330
//331
//332
//333
//334
//4B0
//4B1
//4B2
//4B3
//4B4
		4B42590209FF7690003FF67A = {
			buildPhases = (
				4B42590309FF7690003FF67A,
				4B42591009FF7690003FF67A,
				4B42591209FF7690003FF67A,
				4B42591909FF7690003FF67A,
				4B42591E09FF7690003FF67A,
				4B42591F09FF7690003FF67A,
				4B42592109FF7690003FF67A,
			);
			buildRules = (
			);
			buildSettings = {
				GCC_GENERATE_DEBUGGING_SYMBOLS = NO;
				GCC_OPTIMIZATION_LEVEL = 3;
				GCC_PREFIX_HEADER = VSTSDK/vstplugsmacho.h;
				GCC_PREPROCESSOR_DEFINITIONS = "DEBUG=1";
				HEADER_SEARCH_PATHS = "";
				INFOPLIST_FILE = Info.plist;
				OTHER_CFLAGS = "";
				OTHER_LDFLAGS = "";
				OTHER_REZFLAGS = "";
				PRODUCT_NAME = FaustVST;
				SECTORDER_FLAGS = "";
				WARNING_CFLAGS = "-Wmost -Wno-four-char-constants -Wno-unknown-pragmas";
				WRAPPER_EXTENSION = vst;
			};
			dependencies = (
			);
			isa = PBXNativeTarget;
			name = "mach-0";
			productInstallPath = "$(USER_LIBRARY_DIR)/Bundles";
			productName = "mach-0";
			productReference = 4B42592409FF7690003FF67A;
			productType = "com.apple.product-type.bundle";
		};
		4B42590309FF7690003FF67A = {
			buildActionMask = 2147483647;
			files = (
				4B42590409FF7690003FF67A,
				4B42590509FF7690003FF67A,
				4B42590609FF7690003FF67A,
				4B42590709FF7690003FF67A,
				4B42590809FF7690003FF67A,
				4B42590909FF7690003FF67A,
				4B42590A09FF7690003FF67A,
				4B42590B09FF7690003FF67A,
				4B42590C09FF7690003FF67A,
				4B42590D09FF7690003FF67A,
				4B42590E09FF7690003FF67A,
				4B42590F09FF7690003FF67A,
			);
			isa = PBXHeadersBuildPhase;
			runOnlyForDeploymentPostprocessing = 0;
		};
		4B42590409FF7690003FF67A = {
			fileRef = 33372AA808587677008D8015;
			isa = PBXBuildFile;
			settings = {
			};
		};
		4B42590509FF7690003FF67A = {
			fileRef = 33372AA908587677008D8015;
			isa = PBXBuildFile;
			settings = {
			};
		};
		4B42590609FF7690003FF67A = {
			fileRef = 33372AAA08587677008D8015;
			isa = PBXBuildFile;
			settings = {
			};
		};
		4B42590709FF7690003FF67A = {
			fileRef = 33372AAC08587677008D8015;
			isa = PBXBuildFile;
			settings = {
			};
		};
		4B42590809FF7690003FF67A = {
			fileRef = 33372AAE08587677008D8015;
			isa = PBXBuildFile;
			settings = {
			};
		};
		4B42590909FF7690003FF67A = {
			fileRef = 33372AB008587677008D8015;
			isa = PBXBuildFile;
			settings = {
			};
		};
		4B42590A09FF7690003FF67A = {
			fileRef = 33372AB208587677008D8015;
			isa = PBXBuildFile;
			settings = {
			};
		};
		4B42590B09FF7690003FF67A = {
			fileRef = 33372AB308587677008D8015;
			isa = PBXBuildFile;
			settings = {
			};
		};
		4B42590C09FF7690003FF67A = {
			fileRef = 33372AB508587677008D8015;
			isa = PBXBuildFile;
			settings = {
			};
		};
		4B42590D09FF7690003FF67A = {
			fileRef = 33372AB608587677008D8015;
			isa = PBXBuildFile;
			settings = {
			};
		};
		4B42590E09FF7690003FF67A = {
			fileRef = 33372AB708587677008D8015;
			isa = PBXBuildFile;
			settings = {
			};
		};
		4B42590F09FF7690003FF67A = {
			fileRef = 33372AB808587677008D8015;
			isa = PBXBuildFile;
			settings = {
			};
		};
		4B42591009FF7690003FF67A = {
			buildActionMask = 2147483647;
			files = (
				4B42591109FF7690003FF67A,
				4B42594B09FF7AA2003FF67A,
			);
			isa = PBXResourcesBuildPhase;
			runOnlyForDeploymentPostprocessing = 0;
		};
		4B42591109FF7690003FF67A = {
			fileRef = B2FF4ECD0529FC02001F90A7;
			isa = PBXBuildFile;
			settings = {
			};
		};
		4B42591209FF7690003FF67A = {
			buildActionMask = 2147483647;
			files = (
				4B42591309FF7690003FF67A,
				4B42591409FF7690003FF67A,
				4B42591509FF7690003FF67A,
				4B42591609FF7690003FF67A,
				4B42591709FF7690003FF67A,
				4B42591809FF7690003FF67A,
			);
			isa = PBXSourcesBuildPhase;
			runOnlyForDeploymentPostprocessing = 0;
		};
		4B42591309FF7690003FF67A = {
			fileRef = 33372AAB08587677008D8015;
			isa = PBXBuildFile;
			settings = {
			};
		};
		4B42591409FF7690003FF67A = {
			fileRef = 33372AAD08587677008D8015;
			isa = PBXBuildFile;
			settings = {
			};
		};
		4B42591509FF7690003FF67A = {
			fileRef = 33372AAF08587677008D8015;
			isa = PBXBuildFile;
			settings = {
			};
		};
		4B42591609FF7690003FF67A = {
			fileRef = 33372AB108587677008D8015;
			isa = PBXBuildFile;
			settings = {
			};
		};
		4B42591709FF7690003FF67A = {
			fileRef = 33372AB408587677008D8015;
			isa = PBXBuildFile;
			settings = {
			};
		};
		4B42591809FF7690003FF67A = {
			fileRef = 4BE06BB908608F2C00B6C3EC;
			isa = PBXBuildFile;
			settings = {
			};
		};
		4B42591909FF7690003FF67A = {
			buildActionMask = 2147483647;
			files = (
				4B42591A09FF7690003FF67A,
				4B42591B09FF7690003FF67A,
				4B42591C09FF7690003FF67A,
				4B42591D09FF7690003FF67A,
			);
			isa = PBXFrameworksBuildPhase;
			runOnlyForDeploymentPostprocessing = 0;
		};
		4B42591A09FF7690003FF67A = {
			fileRef = B22EE371052900E3008EDF11;
			isa = PBXBuildFile;
			settings = {
			};
		};
		4B42591B09FF7690003FF67A = {
			fileRef = B282F7CF04CB1F3900ECBF7F;
			isa = PBXBuildFile;
			settings = {
			};
		};
		4B42591C09FF7690003FF67A = {
			fileRef = B2CE54B805CA517B00667293;
			isa = PBXBuildFile;
			settings = {
			};
		};
		4B42591D09FF7690003FF67A = {
			fileRef = B2F0252306F4C83200E9C25F;
			isa = PBXBuildFile;
			settings = {
			};
		};
		4B42591E09FF7690003FF67A = {
			buildActionMask = 2147483647;
			files = (
			);
			isa = PBXRezBuildPhase;
			runOnlyForDeploymentPostprocessing = 0;
		};
		4B42591F09FF7690003FF67A = {
			buildActionMask = 2147483647;
			dstPath = "";
			dstSubfolderSpec = 7;
			files = (
				4B42592009FF7690003FF67A,
			);
			isa = PBXCopyFilesBuildPhase;
			runOnlyForDeploymentPostprocessing = 0;
		};
		4B42592009FF7690003FF67A = {
			fileRef = B2FF4ECD0529FC02001F90A7;
			isa = PBXBuildFile;
			settings = {
			};
		};
		4B42592109FF7690003FF67A = {
			buildActionMask = 2147483647;
			dstPath = ..;
			dstSubfolderSpec = 7;
			files = (
				4B42592209FF7690003FF67A,
			);
			isa = PBXCopyFilesBuildPhase;
			runOnlyForDeploymentPostprocessing = 0;
		};
		4B42592209FF7690003FF67A = {
			fileRef = B2FF4ECD0529FC02001F90A7;
			isa = PBXBuildFile;
			settings = {
			};
		};
		4B42592409FF7690003FF67A = {
			explicitFileType = wrapper.cfbundle;
			includeInIndex = 0;
			isa = PBXFileReference;
			path = FaustVST.vst;
			refType = 3;
			sourceTree = BUILT_PRODUCTS_DIR;
		};
		4B42594A09FF7AA2003FF67A = {
			fileEncoding = 30;
			isa = PBXFileReference;
			lastKnownFileType = text.xml;
			path = Info.plist;
			refType = 2;
			sourceTree = SOURCE_ROOT;
		};
		4B42594B09FF7AA2003FF67A = {
			fileRef = 4B42594A09FF7AA2003FF67A;
			isa = PBXBuildFile;
			settings = {
			};
		};
		4BE06BB908608F2C00B6C3EC = {
			fileEncoding = 30;
			isa = PBXFileReference;
			lastKnownFileType = sourcecode.cpp.cpp;
			path = "vst-output.cpp";
			refType = 2;
			sourceTree = SOURCE_ROOT;
		};
//4B0
//4B1
//4B2
//4B3
//4B4
//B20
//B21
//B22
//B23
//B24
		B22EE371052900E3008EDF11 = {
			isa = PBXFileReference;
			lastKnownFileType = wrapper.framework;
			name = CoreAudio.framework;
			path = /System/Library/Frameworks/CoreAudio.framework;
			refType = 0;
			sourceTree = "<absolute>";
		};
		B23C897004CB1A7E00F1E491 = {
			isa = PBXFileReference;
			lastKnownFileType = wrapper.framework;
			name = Jack.framework;
			path = /Library/Frameworks/Jack.framework;
			refType = 0;
			sourceTree = "<absolute>";
		};
		B282F7CF04CB1F3900ECBF7F = {
			isa = PBXFileReference;
			lastKnownFileType = wrapper.framework;
			name = Carbon.framework;
			path = /System/Library/Frameworks/Carbon.framework;
			refType = 0;
			sourceTree = "<absolute>";
		};
		B2CE54B805CA517B00667293 = {
			isa = PBXFileReference;
			lastKnownFileType = wrapper.framework;
			name = QuickTime.framework;
			path = /System/Library/Frameworks/QuickTime.framework;
			refType = 0;
			sourceTree = "<absolute>";
		};
		B2F0252306F4C83200E9C25F = {
			isa = PBXFileReference;
			lastKnownFileType = wrapper.framework;
			name = CoreFoundation.framework;
			path = /System/Library/Frameworks/CoreFoundation.framework;
			refType = 0;
			sourceTree = "<absolute>";
		};
		B2FF4ECC0529FBBF001F90A7 = {
			children = (
				B2FF4ECD0529FC02001F90A7,
			);
			isa = PBXGroup;
			name = Resources;
			refType = 4;
			sourceTree = "<group>";
		};
		B2FF4ECD0529FC02001F90A7 = {
			fileEncoding = 30;
			isa = PBXFileReference;
			lastKnownFileType = text;
			path = PkgInfo;
			refType = 4;
			sourceTree = "<group>";
		};
	};
	rootObject = 089C1669FE841209C02AAC07;
}
