<?xml version="1.0" encoding="utf-8"?>
<Project ToolsVersion="4.0" xmlns="http://schemas.microsoft.com/developer/msbuild/2003">
  <ItemGroup>
    <Filter Include="boxes">
      <UniqueIdentifier>{df74490a-26bb-4f85-a2d5-72db3d4b6e02}</UniqueIdentifier>
    </Filter>
    <Filter Include="documentator">
      <UniqueIdentifier>{1192a7e0-f5c5-473c-bba2-de918f6c886f}</UniqueIdentifier>
    </Filter>
    <Filter Include="draw">
      <UniqueIdentifier>{d388d7f1-959d-4fbb-be24-ab09b6f88797}</UniqueIdentifier>
    </Filter>
    <Filter Include="draw\device">
      <UniqueIdentifier>{c4561880-9b84-4cf8-9b53-461f884086e3}</UniqueIdentifier>
    </Filter>
    <Filter Include="draw\schema">
      <UniqueIdentifier>{38ad8d6f-821f-4f36-989d-a7b9154fa468}</UniqueIdentifier>
    </Filter>
    <Filter Include="errors">
      <UniqueIdentifier>{34eee96a-4d99-470b-9b58-3e54b9ae8e46}</UniqueIdentifier>
    </Filter>
    <Filter Include="evaluate">
      <UniqueIdentifier>{daecc64a-6d58-4b5c-b1f1-4f64138885e7}</UniqueIdentifier>
    </Filter>
    <Filter Include="extended">
      <UniqueIdentifier>{f99c4568-b4c5-4d13-b97d-beb37af1c9a4}</UniqueIdentifier>
    </Filter>
    <Filter Include="generator">
      <UniqueIdentifier>{d87c524c-bd81-4fbf-85ca-887f85c0d4f4}</UniqueIdentifier>
    </Filter>
    <Filter Include="normalize">
      <UniqueIdentifier>{1f153ef7-0d56-4235-9375-299f9cd707e9}</UniqueIdentifier>
    </Filter>
    <Filter Include="parallelize">
      <UniqueIdentifier>{fa740d1e-dddb-4b4f-9fdd-b96986796040}</UniqueIdentifier>
    </Filter>
    <Filter Include="parser">
      <UniqueIdentifier>{0307cdbd-c886-4523-99a8-cdbb8e941ca5}</UniqueIdentifier>
    </Filter>
    <Filter Include="patternmatcher">
      <UniqueIdentifier>{cd89ffc2-9856-43e7-8815-7539ad266d62}</UniqueIdentifier>
    </Filter>
    <Filter Include="propagate">
      <UniqueIdentifier>{3ab9b3fe-6d00-4c17-a484-eeb3b178cb3d}</UniqueIdentifier>
    </Filter>
    <Filter Include="signals">
      <UniqueIdentifier>{bddcdf65-cf56-4ac7-a070-7e8967c8d7b1}</UniqueIdentifier>
    </Filter>
    <Filter Include="tlib">
      <UniqueIdentifier>{581749ba-b4c3-4875-9b85-afb44a3750d3}</UniqueIdentifier>
    </Filter>
    <Filter Include="utils">
      <UniqueIdentifier>{9e340713-4d42-49cf-976e-f1bcc63136c6}</UniqueIdentifier>
    </Filter>
    <Filter Include="generator\asmjs">
      <UniqueIdentifier>{11e098ee-7a3c-4354-99d8-de96671f4b1c}</UniqueIdentifier>
    </Filter>
    <Filter Include="generator\c">
      <UniqueIdentifier>{972d318c-14eb-481e-911e-4e8816fe17c1}</UniqueIdentifier>
    </Filter>
    <Filter Include="generator\cpp">
      <UniqueIdentifier>{ba88d3c1-0ac4-49f9-bc33-6f1a70aaf951}</UniqueIdentifier>
    </Filter>
    <Filter Include="generator\fir">
      <UniqueIdentifier>{a6dd1142-fade-48ec-a890-cf5f313c6a74}</UniqueIdentifier>
    </Filter>
    <Filter Include="generator\java">
      <UniqueIdentifier>{33d67fba-ef8e-4c95-bd86-f98afbb792b5}</UniqueIdentifier>
    </Filter>
    <Filter Include="generator\js">
      <UniqueIdentifier>{4b8d9707-1d6d-4033-81ed-10f05d9c8afb}</UniqueIdentifier>
    </Filter>
    <Filter Include="generator\llvm">
      <UniqueIdentifier>{8534699d-b4c4-44f7-b3ac-3648d8e0ba13}</UniqueIdentifier>
    </Filter>
    <Filter Include="generator\wasm">
      <UniqueIdentifier>{a05fbdea-8a4a-4ca9-831b-59a20beecfe4}</UniqueIdentifier>
    </Filter>
  </ItemGroup>
  <ItemGroup>
    <ClCompile Include="..\compiler\boxes\boxcomplexity.cpp">
      <Filter>boxes</Filter>
    </ClCompile>
    <ClCompile Include="..\compiler\boxes\boxes.cpp">
      <Filter>boxes</Filter>
    </ClCompile>
    <ClCompile Include="..\compiler\boxes\boxtype.cpp">
      <Filter>boxes</Filter>
    </ClCompile>
    <ClCompile Include="..\compiler\boxes\ppbox.cpp">
      <Filter>boxes</Filter>
    </ClCompile>
    <ClCompile Include="..\compiler\documentator\doc.cpp">
      <Filter>documentator</Filter>
    </ClCompile>
    <ClCompile Include="..\compiler\documentator\doc_autodoc.cpp">
      <Filter>documentator</Filter>
    </ClCompile>
    <ClCompile Include="..\compiler\documentator\doc_compile.cpp">
      <Filter>documentator</Filter>
    </ClCompile>
    <ClCompile Include="..\compiler\documentator\doc_lang.cpp">
      <Filter>documentator</Filter>
    </ClCompile>
    <ClCompile Include="..\compiler\documentator\doc_metadatas.cpp">
      <Filter>documentator</Filter>
    </ClCompile>
    <ClCompile Include="..\compiler\documentator\doc_notice.cpp">
      <Filter>documentator</Filter>
    </ClCompile>
    <ClCompile Include="..\compiler\documentator\doc_sharing.cpp">
      <Filter>documentator</Filter>
    </ClCompile>
    <ClCompile Include="..\compiler\documentator\doc_Text.cpp">
      <Filter>documentator</Filter>
    </ClCompile>
    <ClCompile Include="..\compiler\documentator\lateq.cpp">
      <Filter>documentator</Filter>
    </ClCompile>
    <ClCompile Include="..\compiler\draw\drawschema.cpp">
      <Filter>draw</Filter>
    </ClCompile>
    <ClCompile Include="..\compiler\draw\sigToGraph.cpp">
      <Filter>draw</Filter>
    </ClCompile>
    <ClCompile Include="..\compiler\draw\device\PSDev.cpp">
      <Filter>draw\device</Filter>
    </ClCompile>
    <ClCompile Include="..\compiler\draw\device\SVGDev.cpp">
      <Filter>draw\device</Filter>
    </ClCompile>
    <ClCompile Include="..\compiler\draw\schema\blockSchema.cpp">
      <Filter>draw\schema</Filter>
    </ClCompile>
    <ClCompile Include="..\compiler\draw\schema\cableSchema.cpp">
      <Filter>draw\schema</Filter>
    </ClCompile>
    <ClCompile Include="..\compiler\draw\schema\collector.cpp">
      <Filter>draw\schema</Filter>
    </ClCompile>
    <ClCompile Include="..\compiler\draw\schema\cutSchema.cpp">
      <Filter>draw\schema</Filter>
    </ClCompile>
    <ClCompile Include="..\compiler\draw\schema\decorateSchema.cpp">
      <Filter>draw\schema</Filter>
    </ClCompile>
    <ClCompile Include="..\compiler\draw\schema\enlargedSchema.cpp">
      <Filter>draw\schema</Filter>
    </ClCompile>
    <ClCompile Include="..\compiler\draw\schema\inverterSchema.cpp">
      <Filter>draw\schema</Filter>
    </ClCompile>
    <ClCompile Include="..\compiler\draw\schema\mergeSchema.cpp">
      <Filter>draw\schema</Filter>
    </ClCompile>
    <ClCompile Include="..\compiler\draw\schema\parSchema.cpp">
      <Filter>draw\schema</Filter>
    </ClCompile>
    <ClCompile Include="..\compiler\draw\schema\recSchema.cpp">
      <Filter>draw\schema</Filter>
    </ClCompile>
    <ClCompile Include="..\compiler\draw\schema\seqSchema.cpp">
      <Filter>draw\schema</Filter>
    </ClCompile>
    <ClCompile Include="..\compiler\draw\schema\splitSchema.cpp">
      <Filter>draw\schema</Filter>
    </ClCompile>
    <ClCompile Include="..\compiler\draw\schema\topSchema.cpp">
      <Filter>draw\schema</Filter>
    </ClCompile>
    <ClCompile Include="..\compiler\errors\errormsg.cpp">
      <Filter>errors</Filter>
    </ClCompile>
    <ClCompile Include="..\compiler\errors\timing.cpp">
      <Filter>errors</Filter>
    </ClCompile>
    <ClCompile Include="..\compiler\evaluate\environment.cpp">
      <Filter>evaluate</Filter>
    </ClCompile>
    <ClCompile Include="..\compiler\evaluate\eval.cpp">
      <Filter>evaluate</Filter>
    </ClCompile>
    <ClCompile Include="..\compiler\evaluate\loopDetector.cpp">
      <Filter>evaluate</Filter>
    </ClCompile>
    <ClCompile Include="..\compiler\normalize\aterm.cpp">
      <Filter>normalize</Filter>
    </ClCompile>
    <ClCompile Include="..\compiler\normalize\mterm.cpp">
      <Filter>normalize</Filter>
    </ClCompile>
    <ClCompile Include="..\compiler\normalize\normalize.cpp">
      <Filter>normalize</Filter>
    </ClCompile>
    <ClCompile Include="..\compiler\normalize\privatise.cpp">
      <Filter>normalize</Filter>
    </ClCompile>
    <ClCompile Include="..\compiler\normalize\simplify.cpp">
      <Filter>normalize</Filter>
    </ClCompile>
    <ClCompile Include="..\compiler\parallelize\colorize.cpp">
      <Filter>parallelize</Filter>
    </ClCompile>
    <ClCompile Include="..\compiler\patternmatcher\patternmatcher.cpp">
      <Filter>patternmatcher</Filter>
    </ClCompile>
    <ClCompile Include="..\compiler\propagate\labels.cpp">
      <Filter>propagate</Filter>
    </ClCompile>
    <ClCompile Include="..\compiler\propagate\propagate.cpp">
      <Filter>propagate</Filter>
    </ClCompile>
    <ClCompile Include="..\compiler\signals\binop.cpp">
      <Filter>signals</Filter>
    </ClCompile>
    <ClCompile Include="..\compiler\signals\ppsig.cpp">
      <Filter>signals</Filter>
    </ClCompile>
    <ClCompile Include="..\compiler\signals\prim2.cpp">
      <Filter>signals</Filter>
    </ClCompile>
    <ClCompile Include="..\compiler\signals\recursivness.cpp">
      <Filter>signals</Filter>
    </ClCompile>
    <ClCompile Include="..\compiler\signals\signals.cpp">
      <Filter>signals</Filter>
    </ClCompile>
    <ClCompile Include="..\compiler\signals\sigorderrules.cpp">
      <Filter>signals</Filter>
    </ClCompile>
    <ClCompile Include="..\compiler\signals\sigprint.cpp">
      <Filter>signals</Filter>
    </ClCompile>
    <ClCompile Include="..\compiler\signals\sigtype.cpp">
      <Filter>signals</Filter>
    </ClCompile>
    <ClCompile Include="..\compiler\signals\sigtyperules.cpp">
      <Filter>signals</Filter>
    </ClCompile>
    <ClCompile Include="..\compiler\signals\sigvisitor.cpp">
      <Filter>signals</Filter>
    </ClCompile>
    <ClCompile Include="..\compiler\signals\subsignals.cpp">
      <Filter>signals</Filter>
    </ClCompile>
    <ClCompile Include="..\compiler\tlib\compatibility.cpp">
      <Filter>tlib</Filter>
    </ClCompile>
    <ClCompile Include="..\compiler\tlib\list.cpp">
      <Filter>tlib</Filter>
    </ClCompile>
    <ClCompile Include="..\compiler\tlib\node.cpp">
      <Filter>tlib</Filter>
    </ClCompile>
    <ClCompile Include="..\compiler\tlib\occurrences.cpp">
      <Filter>tlib</Filter>
    </ClCompile>
    <ClCompile Include="..\compiler\tlib\recursive-tree.cpp">
      <Filter>tlib</Filter>
    </ClCompile>
    <ClCompile Include="..\compiler\tlib\shlysis.cpp">
      <Filter>tlib</Filter>
    </ClCompile>
    <ClCompile Include="..\compiler\tlib\symbol.cpp">
      <Filter>tlib</Filter>
    </ClCompile>
    <ClCompile Include="..\compiler\tlib\tree.cpp">
      <Filter>tlib</Filter>
    </ClCompile>
    <ClCompile Include="..\compiler\utils\names.cpp">
      <Filter>utils</Filter>
    </ClCompile>
    <ClCompile Include="..\compiler\draw\schema\connectorSchema.cpp">
      <Filter>draw\schema</Filter>
    </ClCompile>
    <ClCompile Include="..\compiler\extended\xtended.cpp">
      <Filter>extended</Filter>
    </ClCompile>
    <ClCompile Include="..\compiler\global.cpp" />
    <ClCompile Include="..\compiler\parallelize\code_loop.cpp">
      <Filter>parallelize</Filter>
    </ClCompile>
    <ClCompile Include="..\compiler\parser\enrobage.cpp">
      <Filter>parser</Filter>
    </ClCompile>
    <ClCompile Include="..\compiler\parser\faustparser.cpp">
      <Filter>parser</Filter>
    </ClCompile>
    <ClCompile Include="..\compiler\parser\sourcefetcher.cpp">
      <Filter>parser</Filter>
    </ClCompile>
    <ClCompile Include="..\compiler\parser\sourcereader.cpp">
      <Filter>parser</Filter>
    </ClCompile>
    <ClCompile Include="..\compiler\parser\faustlexer.cpp">
      <Filter>parser</Filter>
    </ClCompile>
    <ClCompile Include="..\compiler\utils\files.cpp">
      <Filter>utils</Filter>
    </ClCompile>
    <ClCompile Include="..\compiler\generator\asmjs\asmjs_code_container.cpp">
      <Filter>generator\asmjs</Filter>
    </ClCompile>
    <ClCompile Include="..\compiler\generator\asmjs\asmjs_dsp_aux.cpp">
      <Filter>generator\asmjs</Filter>
    </ClCompile>
    <ClCompile Include="..\compiler\generator\c\c_code_container.cpp">
      <Filter>generator\c</Filter>
    </ClCompile>
    <ClCompile Include="..\compiler\generator\cpp\cpp_code_container.cpp">
      <Filter>generator\cpp</Filter>
    </ClCompile>
    <ClCompile Include="..\compiler\generator\cpp\cpp_gpu_code_container.cpp">
      <Filter>generator\cpp</Filter>
    </ClCompile>
    <ClCompile Include="..\compiler\generator\fir\fir_code_container.cpp">
      <Filter>generator\fir</Filter>
    </ClCompile>
    <ClCompile Include="..\compiler\generator\java\java_code_container.cpp">
      <Filter>generator\java</Filter>
    </ClCompile>
    <ClCompile Include="..\compiler\generator\js\js_code_container.cpp">
      <Filter>generator\js</Filter>
    </ClCompile>
    <ClCompile Include="..\compiler\generator\llvm\llvm_code_container.cpp">
      <Filter>generator\llvm</Filter>
    </ClCompile>
    <ClCompile Include="..\compiler\generator\llvm\llvm_dsp_aux.cpp">
      <Filter>generator\llvm</Filter>
    </ClCompile>
    <ClCompile Include="..\compiler\generator\code_container.cpp">
      <Filter>generator</Filter>
    </ClCompile>
    <ClCompile Include="..\compiler\generator\contextor.cpp">
      <Filter>generator</Filter>
    </ClCompile>
    <ClCompile Include="..\compiler\generator\dag_instructions_compiler.cpp">
      <Filter>generator</Filter>
    </ClCompile>
    <ClCompile Include="..\compiler\generator\description.cpp">
      <Filter>generator</Filter>
    </ClCompile>
    <ClCompile Include="..\compiler\generator\dsp_aux.cpp">
      <Filter>generator</Filter>
    </ClCompile>
    <ClCompile Include="..\compiler\generator\fir_to_fir.cpp">
      <Filter>generator</Filter>
    </ClCompile>
    <ClCompile Include="..\compiler\generator\floats.cpp">
      <Filter>generator</Filter>
    </ClCompile>
    <ClCompile Include="..\compiler\generator\instructions.cpp">
      <Filter>generator</Filter>
    </ClCompile>
    <ClCompile Include="..\compiler\generator\instructions_compiler.cpp">
      <Filter>generator</Filter>
    </ClCompile>
    <ClCompile Include="..\compiler\generator\occurences.cpp">
      <Filter>generator</Filter>
    </ClCompile>
    <ClCompile Include="..\compiler\generator\omp_code_container.cpp">
      <Filter>generator</Filter>
    </ClCompile>
    <ClCompile Include="..\compiler\generator\Text.cpp">
      <Filter>generator</Filter>
    </ClCompile>
    <ClCompile Include="..\compiler\generator\tools.cpp">
      <Filter>generator</Filter>
    </ClCompile>
    <ClCompile Include="..\compiler\generator\uitree.cpp">
      <Filter>generator</Filter>
    </ClCompile>
    <ClCompile Include="..\compiler\generator\vec_code_container.cpp">
      <Filter>generator</Filter>
    </ClCompile>
    <ClCompile Include="..\compiler\generator\wss_code_container.cpp">
      <Filter>generator</Filter>
    </ClCompile>
    <ClCompile Include="..\compiler\main.cpp" />
    <ClCompile Include="..\compiler\libcode.cpp" />
    <ClCompile Include="..\compiler\generator\wasm\wasm_code_container.cpp">
      <Filter>generator\wasm</Filter>
    </ClCompile>
  </ItemGroup>
  <ItemGroup>
    <ClInclude Include="..\compiler\draw\device\device.h">
      <Filter>draw\device</Filter>
    </ClInclude>
    <ClInclude Include="..\compiler\draw\device\devLib.h">
      <Filter>draw\device</Filter>
    </ClInclude>
    <ClInclude Include="..\compiler\draw\device\PSDev.h">
      <Filter>draw\device</Filter>
    </ClInclude>
    <ClInclude Include="..\compiler\draw\device\SVGDev.h">
      <Filter>draw\device</Filter>
    </ClInclude>
    <ClInclude Include="..\compiler\draw\schema\blockSchema.h">
      <Filter>draw\schema</Filter>
    </ClInclude>
    <ClInclude Include="..\compiler\draw\schema\cableSchema.h">
      <Filter>draw\schema</Filter>
    </ClInclude>
    <ClInclude Include="..\compiler\draw\schema\cutSchema.h">
      <Filter>draw\schema</Filter>
    </ClInclude>
    <ClInclude Include="..\compiler\draw\schema\decorateSchema.h">
      <Filter>draw\schema</Filter>
    </ClInclude>
    <ClInclude Include="..\compiler\draw\schema\enlargedSchema.h">
      <Filter>draw\schema</Filter>
    </ClInclude>
    <ClInclude Include="..\compiler\draw\schema\inverterSchema.h">
      <Filter>draw\schema</Filter>
    </ClInclude>
    <ClInclude Include="..\compiler\draw\schema\mergeSchema.h">
      <Filter>draw\schema</Filter>
    </ClInclude>
    <ClInclude Include="..\compiler\draw\schema\parSchema.h">
      <Filter>draw\schema</Filter>
    </ClInclude>
    <ClInclude Include="..\compiler\draw\schema\recSchema.h">
      <Filter>draw\schema</Filter>
    </ClInclude>
    <ClInclude Include="..\compiler\draw\schema\schema.h">
      <Filter>draw\schema</Filter>
    </ClInclude>
    <ClInclude Include="..\compiler\draw\schema\seqSchema.h">
      <Filter>draw\schema</Filter>
    </ClInclude>
    <ClInclude Include="..\compiler\draw\schema\splitSchema.h">
      <Filter>draw\schema</Filter>
    </ClInclude>
    <ClInclude Include="..\compiler\draw\schema\topSchema.h">
      <Filter>draw\schema</Filter>
    </ClInclude>
    <ClInclude Include="..\compiler\parallelize\colorize.h">
      <Filter>parallelize</Filter>
    </ClInclude>
    <ClInclude Include="..\compiler\draw\schema\connectorSchema.h">
      <Filter>draw\schema</Filter>
    </ClInclude>
    <ClInclude Include="..\compiler\extended\absprim.hh">
      <Filter>extended</Filter>
    </ClInclude>
    <ClInclude Include="..\compiler\extended\acosprim.hh">
      <Filter>extended</Filter>
    </ClInclude>
    <ClInclude Include="..\compiler\extended\asinprim.hh">
      <Filter>extended</Filter>
    </ClInclude>
    <ClInclude Include="..\compiler\extended\atan2prim.hh">
      <Filter>extended</Filter>
    </ClInclude>
    <ClInclude Include="..\compiler\extended\atanprim.hh">
      <Filter>extended</Filter>
    </ClInclude>
    <ClInclude Include="..\compiler\extended\ceilprim.hh">
      <Filter>extended</Filter>
    </ClInclude>
    <ClInclude Include="..\compiler\extended\cosprim.hh">
      <Filter>extended</Filter>
    </ClInclude>
    <ClInclude Include="..\compiler\extended\expprim.hh">
      <Filter>extended</Filter>
    </ClInclude>
    <ClInclude Include="..\compiler\extended\floorprim.hh">
      <Filter>extended</Filter>
    </ClInclude>
    <ClInclude Include="..\compiler\extended\fmodprim.hh">
      <Filter>extended</Filter>
    </ClInclude>
    <ClInclude Include="..\compiler\extended\log10prim.hh">
      <Filter>extended</Filter>
    </ClInclude>
    <ClInclude Include="..\compiler\extended\logprim.hh">
      <Filter>extended</Filter>
    </ClInclude>
    <ClInclude Include="..\compiler\extended\maxprim.hh">
      <Filter>extended</Filter>
    </ClInclude>
    <ClInclude Include="..\compiler\extended\minprim.hh">
      <Filter>extended</Filter>
    </ClInclude>
    <ClInclude Include="..\compiler\extended\powprim.hh">
      <Filter>extended</Filter>
    </ClInclude>
    <ClInclude Include="..\compiler\extended\remainderprim.hh">
      <Filter>extended</Filter>
    </ClInclude>
    <ClInclude Include="..\compiler\extended\rintprim.hh">
      <Filter>extended</Filter>
    </ClInclude>
    <ClInclude Include="..\compiler\extended\sinprim.hh">
      <Filter>extended</Filter>
    </ClInclude>
    <ClInclude Include="..\compiler\extended\sqrtprim.hh">
      <Filter>extended</Filter>
    </ClInclude>
    <ClInclude Include="..\compiler\extended\tanprim.hh">
      <Filter>extended</Filter>
    </ClInclude>
    <ClInclude Include="..\compiler\extended\xtended.hh">
      <Filter>extended</Filter>
    </ClInclude>
    <ClInclude Include="..\compiler\global.hh" />
    <ClInclude Include="..\compiler\export.hh" />
    <ClInclude Include="..\compiler\tlib\garbageable.hh">
      <Filter>tlib</Filter>
    </ClInclude>
    <ClInclude Include="..\compiler\boxes\boxcomplexity.hh">
      <Filter>boxes</Filter>
    </ClInclude>
    <ClInclude Include="..\compiler\parallelize\code_loop.hh">
      <Filter>parallelize</Filter>
    </ClInclude>
    <ClInclude Include="..\compiler\parser\enrobage.hh">
      <Filter>parser</Filter>
    </ClInclude>
    <ClInclude Include="..\compiler\parser\faustparser.hpp">
      <Filter>parser</Filter>
    </ClInclude>
    <ClInclude Include="..\compiler\parser\sourcefetcher.hh">
      <Filter>parser</Filter>
    </ClInclude>
    <ClInclude Include="..\compiler\parser\sourcereader.hh">
      <Filter>parser</Filter>
    </ClInclude>
    <ClInclude Include="..\compiler\generator\llvm\llvm-c-dsp.h">
      <Filter>generator\llvm</Filter>
    </ClInclude>
    <ClInclude Include="..\compiler\generator\llvm\llvm-dsp.h">
      <Filter>generator\llvm</Filter>
    </ClInclude>
    <ClInclude Include="..\compiler\generator\smartpointer.h">
      <Filter>generator</Filter>
    </ClInclude>
    <ClInclude Include="..\compiler\utils\TMutex.h">
      <Filter>utils</Filter>
    </ClInclude>
    <ClInclude Include="..\compiler\generator\wasm\wasm_code_container.hh">
      <Filter>generator\wasm</Filter>
    </ClInclude>
    <ClInclude Include="..\compiler\generator\wasm\wasm_instructions.hh">
      <Filter>generator\wasm</Filter>
    </ClInclude>
    <ClInclude Include="..\compiler\generator\llvm\rn_base64.h">
      <Filter>generator\llvm</Filter>
    </ClInclude>
  </ItemGroup>
  <ItemGroup>
    <None Include="..\compiler\boxes\boxes.hh">
      <Filter>boxes</Filter>
    </None>
    <None Include="..\compiler\boxes\ppbox.hh">
      <Filter>boxes</Filter>
    </None>
    <None Include="..\compiler\documentator\doc.hh">
      <Filter>documentator</Filter>
    </None>
    <None Include="..\compiler\documentator\doc_autodoc.hh">
      <Filter>documentator</Filter>
    </None>
    <None Include="..\compiler\documentator\doc_compile.hh">
      <Filter>documentator</Filter>
    </None>
    <None Include="..\compiler\documentator\doc_lang.hh">
      <Filter>documentator</Filter>
    </None>
    <None Include="..\compiler\documentator\doc_metadatas.hh">
      <Filter>documentator</Filter>
    </None>
    <None Include="..\compiler\documentator\doc_notice.hh">
      <Filter>documentator</Filter>
    </None>
    <None Include="..\compiler\documentator\doc_Text.hh">
      <Filter>documentator</Filter>
    </None>
    <None Include="..\compiler\documentator\lateq.hh">
      <Filter>documentator</Filter>
    </None>
    <None Include="..\compiler\draw\drawschema.hh">
      <Filter>draw</Filter>
    </None>
    <None Include="..\compiler\draw\sigToGraph.hh">
      <Filter>draw</Filter>
    </None>
    <None Include="..\compiler\errors\errormsg.hh">
      <Filter>errors</Filter>
    </None>
    <None Include="..\compiler\errors\timing.hh">
      <Filter>errors</Filter>
    </None>
    <None Include="..\compiler\evaluate\environment.hh">
      <Filter>evaluate</Filter>
    </None>
    <None Include="..\compiler\evaluate\eval.hh">
      <Filter>evaluate</Filter>
    </None>
    <None Include="..\compiler\evaluate\loopDetector.hh">
      <Filter>evaluate</Filter>
    </None>
    <None Include="..\compiler\normalize\aterm.hh">
      <Filter>normalize</Filter>
    </None>
    <None Include="..\compiler\normalize\mterm.hh">
      <Filter>normalize</Filter>
    </None>
    <None Include="..\compiler\normalize\normalize.hh">
      <Filter>normalize</Filter>
    </None>
    <None Include="..\compiler\normalize\privatise.hh">
      <Filter>normalize</Filter>
    </None>
    <None Include="..\compiler\normalize\simplify.hh">
      <Filter>normalize</Filter>
    </None>
    <None Include="..\compiler\patternmatcher\patternmatcher.hh">
      <Filter>patternmatcher</Filter>
    </None>
    <None Include="..\compiler\propagate\labels.hh">
      <Filter>propagate</Filter>
    </None>
    <None Include="..\compiler\propagate\propagate.hh">
      <Filter>propagate</Filter>
    </None>
    <None Include="..\compiler\signals\binop.hh">
      <Filter>signals</Filter>
    </None>
    <None Include="..\compiler\signals\interval.hh">
      <Filter>signals</Filter>
    </None>
    <None Include="..\compiler\signals\ppsig.hh">
      <Filter>signals</Filter>
    </None>
    <None Include="..\compiler\signals\prim2.hh">
      <Filter>signals</Filter>
    </None>
    <None Include="..\compiler\signals\recursivness.hh">
      <Filter>signals</Filter>
    </None>
    <None Include="..\compiler\signals\signals.hh">
      <Filter>signals</Filter>
    </None>
    <None Include="..\compiler\signals\sigorderrules.hh">
      <Filter>signals</Filter>
    </None>
    <None Include="..\compiler\signals\sigprint.hh">
      <Filter>signals</Filter>
    </None>
    <None Include="..\compiler\signals\sigtype.hh">
      <Filter>signals</Filter>
    </None>
    <None Include="..\compiler\signals\sigtyperules.hh">
      <Filter>signals</Filter>
    </None>
    <None Include="..\compiler\signals\sigvisitor.hh">
      <Filter>signals</Filter>
    </None>
    <None Include="..\compiler\tlib\compatibility.hh">
      <Filter>tlib</Filter>
    </None>
    <None Include="..\compiler\tlib\list.hh">
      <Filter>tlib</Filter>
    </None>
    <None Include="..\compiler\tlib\node.hh">
      <Filter>tlib</Filter>
    </None>
    <None Include="..\compiler\tlib\num.hh">
      <Filter>tlib</Filter>
    </None>
    <None Include="..\compiler\tlib\occurrences.hh">
      <Filter>tlib</Filter>
    </None>
    <None Include="..\compiler\tlib\property.hh">
      <Filter>tlib</Filter>
    </None>
    <None Include="..\compiler\tlib\shlysis.hh">
      <Filter>tlib</Filter>
    </None>
    <None Include="..\compiler\tlib\smartpointer.hh">
      <Filter>tlib</Filter>
    </None>
    <None Include="..\compiler\tlib\symbol.hh">
      <Filter>tlib</Filter>
    </None>
    <None Include="..\compiler\tlib\tlib.hh">
      <Filter>tlib</Filter>
    </None>
    <None Include="..\compiler\tlib\tree.hh">
      <Filter>tlib</Filter>
    </None>
    <None Include="..\compiler\utils\names.hh">
      <Filter>utils</Filter>
    </None>
    <None Include="..\compiler\utils\files.hh">
      <Filter>utils</Filter>
    </None>
    <None Include="..\compiler\utils\files.hh">
      <Filter>utils</Filter>
    </None>
    <None Include="..\compiler\generator\asmjs\asmjs_code_container.hh">
      <Filter>generator\asmjs</Filter>
    </None>
    <None Include="..\compiler\generator\asmjs\asmjs_dsp_aux.hh">
      <Filter>generator\asmjs</Filter>
    </None>
    <None Include="..\compiler\generator\asmjs\asmjs_instructions.hh">
      <Filter>generator\asmjs</Filter>
    </None>
    <None Include="..\compiler\generator\c\c_code_container.hh">
      <Filter>generator\c</Filter>
    </None>
    <None Include="..\compiler\generator\c\c_instructions.hh">
      <Filter>generator\c</Filter>
    </None>
    <None Include="..\compiler\generator\cpp\cpp_code_container.hh">
      <Filter>generator\cpp</Filter>
    </None>
    <None Include="..\compiler\generator\cpp\cpp_gpu_code_container.hh">
      <Filter>generator\cpp</Filter>
    </None>
    <None Include="..\compiler\generator\cpp\cpp_instructions.hh">
      <Filter>generator\cpp</Filter>
    </None>
    <None Include="..\compiler\generator\fir\fir_code_container.hh">
      <Filter>generator\fir</Filter>
    </None>
    <None Include="..\compiler\generator\fir\fir_instructions.hh">
      <Filter>generator\fir</Filter>
    </None>
    <None Include="..\compiler\generator\java\java_code_container.hh">
      <Filter>generator\java</Filter>
    </None>
    <None Include="..\compiler\generator\java\java_instructions.hh">
      <Filter>generator\java</Filter>
    </None>
    <None Include="..\compiler\generator\js\js_code_container.hh">
      <Filter>generator\js</Filter>
    </None>
    <None Include="..\compiler\generator\js\js_instructions.hh">
      <Filter>generator\js</Filter>
    </None>
    <None Include="..\compiler\generator\llvm\llvm_code_container.hh">
      <Filter>generator\llvm</Filter>
    </None>
    <None Include="..\compiler\generator\llvm\llvm_dsp_aux.hh">
      <Filter>generator\llvm</Filter>
    </None>
    <None Include="..\compiler\generator\llvm\llvm_instructions.hh">
      <Filter>generator\llvm</Filter>
    </None>
    <None Include="..\compiler\generator\code_container.hh">
      <Filter>generator</Filter>
    </None>
    <None Include="..\compiler\generator\contextor.hh">
      <Filter>generator</Filter>
    </None>
    <None Include="..\compiler\generator\dag_instructions_compiler.hh">
      <Filter>generator</Filter>
    </None>
    <None Include="..\compiler\generator\description.hh">
      <Filter>generator</Filter>
    </None>
    <None Include="..\compiler\generator\dsp_aux.hh">
      <Filter>generator</Filter>
    </None>
    <None Include="..\compiler\generator\fir_to_fir.hh">
      <Filter>generator</Filter>
    </None>
    <None Include="..\compiler\generator\floats.hh">
      <Filter>generator</Filter>
    </None>
    <None Include="..\compiler\generator\function_builder.hh">
      <Filter>generator</Filter>
    </None>
    <None Include="..\compiler\generator\instructions.hh">
      <Filter>generator</Filter>
    </None>
    <None Include="..\compiler\generator\instructions_compiler.hh">
      <Filter>generator</Filter>
    </None>
    <None Include="..\compiler\generator\instructions_complexity.hh">
      <Filter>generator</Filter>
    </None>
    <None Include="..\compiler\generator\json_instructions.hh">
      <Filter>generator</Filter>
    </None>
    <None Include="..\compiler\generator\occurences.hh">
      <Filter>generator</Filter>
    </None>
    <None Include="..\compiler\generator\omp_code_container.hh">
      <Filter>generator</Filter>
    </None>
    <None Include="..\compiler\generator\opencl_instructions.hh">
      <Filter>generator</Filter>
    </None>
    <None Include="..\compiler\generator\Text.hh">
      <Filter>generator</Filter>
    </None>
    <None Include="..\compiler\generator\text_instructions.hh">
      <Filter>generator</Filter>
    </None>
    <None Include="..\compiler\generator\tools.hh">
      <Filter>generator</Filter>
    </None>
    <None Include="..\compiler\generator\type_manager.hh">
      <Filter>generator</Filter>
    </None>
    <None Include="..\compiler\generator\typing_instructions.hh">
      <Filter>generator</Filter>
    </None>
    <None Include="..\compiler\generator\uitree.hh">
      <Filter>generator</Filter>
    </None>
    <None Include="..\compiler\generator\vec_code_container.hh">
      <Filter>generator</Filter>
    </None>
    <None Include="..\compiler\generator\wss_code_container.hh">
      <Filter>generator</Filter>
    </None>
  </ItemGroup>
</Project>