<?xml version="1.0" encoding="utf-8"?>
<Project ToolsVersion="4.0" xmlns="http://schemas.microsoft.com/developer/msbuild/2003">
  <ItemGroup>
    <Filter Include="Source Files">
      <UniqueIdentifier>{4FC737F1-C7A5-4376-A066-2A32D752A2FF}</UniqueIdentifier>
      <Extensions>cpp;c;cc;cxx;def;odl;idl;hpj;bat;asm;asmx</Extensions>
    </Filter>
    <Filter Include="Header Files">
      <UniqueIdentifier>{93995380-89BD-4b04-88EB-625FBE52EBFB}</UniqueIdentifier>
      <Extensions>h;hpp;hxx;hm;inl;inc;xsd</Extensions>
    </Filter>
    <Filter Include="Resource Files">
      <UniqueIdentifier>{67DA6AB6-F800-4c08-8B7A-83BB121AAD01}</UniqueIdentifier>
      <Extensions>rc;ico;cur;bmp;dlg;rc2;rct;bin;rgs;gif;jpg;jpeg;jpe;resx;tiff;tif;png;wav</Extensions>
    </Filter>
  </ItemGroup>
  <ItemGroup>
    <None Include="README.txt" />
    <None Include="Makefile" />
  </ItemGroup>
  <ItemGroup>
    <ClCompile Include="computeStiffnessMatrixNullspace.cpp">
      <Filter>Source Files</Filter>
    </ClCompile>
    <ClCompile Include="cubicMesh.cpp">
      <Filter>Source Files</Filter>
    </ClCompile>
    <ClCompile Include="generateInterpolationMatrix.cpp">
      <Filter>Source Files</Filter>
    </ClCompile>
    <ClCompile Include="generateMassMatrix.cpp">
      <Filter>Source Files</Filter>
    </ClCompile>
    <ClCompile Include="generateMeshGraph.cpp">
      <Filter>Source Files</Filter>
    </ClCompile>
    <ClCompile Include="generateSurfaceMesh.cpp">
      <Filter>Source Files</Filter>
    </ClCompile>
    <ClCompile Include="tetMesh.cpp">
      <Filter>Source Files</Filter>
    </ClCompile>
    <ClCompile Include="volumetricMesh.cpp">
      <Filter>Source Files</Filter>
    </ClCompile>
    <ClCompile Include="volumetricMeshENuMaterial.cpp">
      <Filter>Source Files</Filter>
    </ClCompile>
    <ClCompile Include="volumetricMeshExtensions.cpp">
      <Filter>Source Files</Filter>
    </ClCompile>
    <ClCompile Include="volumetricMeshLoader.cpp">
      <Filter>Source Files</Filter>
    </ClCompile>
    <ClCompile Include="volumetricMeshMooneyRivlinMaterial.cpp">
      <Filter>Source Files</Filter>
    </ClCompile>
    <ClCompile Include="volumetricMeshParser.cpp">
      <Filter>Source Files</Filter>
    </ClCompile>
    <ClCompile Include="generateTetMeshFromCubicMesh.cpp">
      <Filter>Source Files</Filter>
    </ClCompile>
    <ClCompile Include="volumetricMeshOrthotropicMaterial.cpp">
      <Filter>Source Files</Filter>
    </ClCompile>
  </ItemGroup>
  <ItemGroup>
    <ClInclude Include="computeStiffnessMatrixNullspace.h">
      <Filter>Header Files</Filter>
    </ClInclude>
    <ClInclude Include="cubicMesh.h">
      <Filter>Header Files</Filter>
    </ClInclude>
    <ClInclude Include="generateInterpolationMatrix.h">
      <Filter>Header Files</Filter>
    </ClInclude>
    <ClInclude Include="generateMassMatrix.h">
      <Filter>Header Files</Filter>
    </ClInclude>
    <ClInclude Include="generateMeshGraph.h">
      <Filter>Header Files</Filter>
    </ClInclude>
    <ClInclude Include="generateSurfaceMesh.h">
      <Filter>Header Files</Filter>
    </ClInclude>
    <ClInclude Include="tetMesh.h">
      <Filter>Header Files</Filter>
    </ClInclude>
    <ClInclude Include="volumetricMesh.h">
      <Filter>Header Files</Filter>
    </ClInclude>
    <ClInclude Include="volumetricMeshENuMaterial.h">
      <Filter>Header Files</Filter>
    </ClInclude>
    <ClInclude Include="volumetricMeshExtensions.h">
      <Filter>Header Files</Filter>
    </ClInclude>
    <ClInclude Include="volumetricMeshLoader.h">
      <Filter>Header Files</Filter>
    </ClInclude>
    <ClInclude Include="volumetricMeshMooneyRivlinMaterial.h">
      <Filter>Header Files</Filter>
    </ClInclude>
    <ClInclude Include="volumetricMeshParser.h">
      <Filter>Header Files</Filter>
    </ClInclude>
    <ClInclude Include="generateTetMeshFromCubicMesh.h">
      <Filter>Header Files</Filter>
    </ClInclude>
    <ClInclude Include="volumetricMeshOrthotropicMaterial.h">
      <Filter>Header Files</Filter>
    </ClInclude>
  </ItemGroup>
</Project>