<?xml version="1.0" encoding="utf-8"?>
<Project ToolsVersion="4.0" xmlns="http://schemas.microsoft.com/developer/msbuild/2003">
  <ItemGroup>
    <Filter Include="Source Files">
      <UniqueIdentifier>{4FC737F1-C7A5-4376-A066-2A32D752A2FF}</UniqueIdentifier>
      <Extensions>cpp;c;cc;cxx;def;odl;idl;hpj;bat;asm;asmx</Extensions>
    </Filter>
    <Filter Include="Header Files">
      <UniqueIdentifier>{93995380-89BD-4b04-88EB-625FBE52EBFB}</UniqueIdentifier>
      <Extensions>h;hh;hpp;hxx;hm;inl;inc;xsd</Extensions>
    </Filter>
    <Filter Include="Resource Files">
      <UniqueIdentifier>{67DA6AB6-F800-4c08-8B7A-83BB121AAD01}</UniqueIdentifier>
      <Extensions>rc;ico;cur;bmp;dlg;rc2;rct;bin;rgs;gif;jpg;jpeg;jpe;resx;tiff;tif;png;wav;mfcribbon-ms</Extensions>
    </Filter>
  </ItemGroup>
  <ItemGroup>
    <ClCompile Include="boundingBox.cpp">
      <Filter>Source Files</Filter>
    </ClCompile>
    <ClCompile Include="objMesh.cpp">
      <Filter>Source Files</Filter>
    </ClCompile>
    <ClCompile Include="objMeshBinaryLoader.cpp">
      <Filter>Source Files</Filter>
    </ClCompile>
    <ClCompile Include="objMeshClose.cpp">
      <Filter>Source Files</Filter>
    </ClCompile>
    <ClCompile Include="objMesh-disjointSet.cpp">
      <Filter>Source Files</Filter>
    </ClCompile>
    <ClCompile Include="objMeshEncode.cpp">
      <Filter>Source Files</Filter>
    </ClCompile>
    <ClCompile Include="objMeshGraph.cpp">
      <Filter>Source Files</Filter>
    </ClCompile>
    <ClCompile Include="objMeshOctree.cpp">
      <Filter>Source Files</Filter>
    </ClCompile>
    <ClCompile Include="objMeshOffsetVoxels.cpp">
      <Filter>Source Files</Filter>
    </ClCompile>
    <ClCompile Include="objMeshOrientable.cpp">
      <Filter>Source Files</Filter>
    </ClCompile>
    <ClCompile Include="objMeshRender.cpp">
      <Filter>Source Files</Filter>
    </ClCompile>
    <ClCompile Include="octree.cpp">
      <Filter>Source Files</Filter>
    </ClCompile>
    <ClCompile Include="simpleSphere.cpp">
      <Filter>Source Files</Filter>
    </ClCompile>
    <ClCompile Include="triangle.cpp">
      <Filter>Source Files</Filter>
    </ClCompile>
    <ClCompile Include="tribox3.cpp">
      <Filter>Source Files</Filter>
    </ClCompile>
  </ItemGroup>
  <ItemGroup>
    <ClInclude Include="boundingBox.h">
      <Filter>Header Files</Filter>
    </ClInclude>
    <ClInclude Include="objMesh.h">
      <Filter>Header Files</Filter>
    </ClInclude>
    <ClInclude Include="objMeshBinaryLoader.h">
      <Filter>Header Files</Filter>
    </ClInclude>
    <ClInclude Include="objMeshClose.h">
      <Filter>Header Files</Filter>
    </ClInclude>
    <ClInclude Include="objMesh-disjointSet.h">
      <Filter>Header Files</Filter>
    </ClInclude>
    <ClInclude Include="objMeshEncode.h">
      <Filter>Header Files</Filter>
    </ClInclude>
    <ClInclude Include="objMeshGraph.h">
      <Filter>Header Files</Filter>
    </ClInclude>
    <ClInclude Include="objMeshOctree.h">
      <Filter>Header Files</Filter>
    </ClInclude>
    <ClInclude Include="objMeshOffsetVoxels.h">
      <Filter>Header Files</Filter>
    </ClInclude>
    <ClInclude Include="objMeshOrientable.h">
      <Filter>Header Files</Filter>
    </ClInclude>
    <ClInclude Include="objMeshRender.h">
      <Filter>Header Files</Filter>
    </ClInclude>
    <ClInclude Include="octree.h">
      <Filter>Header Files</Filter>
    </ClInclude>
    <ClInclude Include="simpleSphere.h">
      <Filter>Header Files</Filter>
    </ClInclude>
    <ClInclude Include="triangle.h">
      <Filter>Header Files</Filter>
    </ClInclude>
    <ClInclude Include="tribox3.h">
      <Filter>Header Files</Filter>
    </ClInclude>
    <ClInclude Include="generateObjMeshVertexGraph.h">
      <Filter>Header Files</Filter>
    </ClInclude>
  </ItemGroup>
  <ItemGroup>
    <None Include="Makefile" />
  </ItemGroup>
  <ItemGroup>
    <Text Include="objMesh-todo.txt" />
  </ItemGroup>
</Project>