<?xml version="1.0" encoding="utf-8"?>
<Project ToolsVersion="4.0" xmlns="http://schemas.microsoft.com/developer/msbuild/2003">
  <ItemGroup>
    <Filter Include="Source Files">
      <UniqueIdentifier>{4FC737F1-C7A5-4376-A066-2A32D752A2FF}</UniqueIdentifier>
      <Extensions>cpp;c;cc;cxx;def;odl;idl;hpj;bat;asm;asmx</Extensions>
    </Filter>
    <Filter Include="Header Files">
      <UniqueIdentifier>{93995380-89BD-4b04-88EB-625FBE52EBFB}</UniqueIdentifier>
      <Extensions>h;hh;hpp;hxx;hm;inl;inc;xsd</Extensions>
    </Filter>
    <Filter Include="Resource Files">
      <UniqueIdentifier>{67DA6AB6-F800-4c08-8B7A-83BB121AAD01}</UniqueIdentifier>
      <Extensions>rc;ico;cur;bmp;dlg;rc2;rct;bin;rgs;gif;jpg;jpeg;jpe;resx;tiff;tif;png;wav;mfcribbon-ms</Extensions>
    </Filter>
  </ItemGroup>
  <ItemGroup>
    <Text Include="ReadMe.txt" />
  </ItemGroup>
  <ItemGroup>
    <ClInclude Include="geometryQuery\query.h">
      <Filter>Header Files</Filter>
    </ClInclude>
    <ClInclude Include="geometryQuery\verticesQuery.h">
      <Filter>Header Files</Filter>
    </ClInclude>
    <ClInclude Include="geometryQuery\verticesQueryFiltered.h">
      <Filter>Header Files</Filter>
    </ClInclude>
    <ClInclude Include="geometryQuery\verticesQueryRational.h">
      <Filter>Header Files</Filter>
    </ClInclude>
    <ClInclude Include="meshKey\tetKey.h">
      <Filter>Header Files</Filter>
    </ClInclude>
    <ClInclude Include="meshKey\triKey.h">
      <Filter>Header Files</Filter>
    </ClInclude>
    <ClInclude Include="rational\integer.h">
      <Filter>Header Files</Filter>
    </ClInclude>
    <ClInclude Include="rational\rational.h">
      <Filter>Header Files</Filter>
    </ClInclude>
    <ClInclude Include="rational\rVector.h">
      <Filter>Header Files</Filter>
    </ClInclude>
  </ItemGroup>
  <ItemGroup>
    <ClCompile Include="geometryQuery\verticesQuery.cpp">
      <Filter>Source Files</Filter>
    </ClCompile>
    <ClCompile Include="geometryQuery\verticesQueryFiltered.cpp">
      <Filter>Source Files</Filter>
    </ClCompile>
    <ClCompile Include="geometryQuery\verticesQueryRational.cpp">
      <Filter>Source Files</Filter>
    </ClCompile>
    <ClCompile Include="meshKey\tetKey.cpp">
      <Filter>Source Files</Filter>
    </ClCompile>
    <ClCompile Include="meshKey\triKey.cpp">
      <Filter>Source Files</Filter>
    </ClCompile>
    <ClCompile Include="rational\integer.cpp">
      <Filter>Source Files</Filter>
    </ClCompile>
    <ClCompile Include="rational\rational.cpp">
      <Filter>Source Files</Filter>
    </ClCompile>
    <ClCompile Include="rational\rVector.cpp">
      <Filter>Source Files</Filter>
    </ClCompile>
  </ItemGroup>
</Project>