// !$*UTF8*$!
{
	archiveVersion = 1;
	classes = {
	};
	objectVersion = 46;
	objects = {

/* Begin PBXBuildFile section */
		4B5F27341E5F5B26001B1E73 /* main.m in Sources */ = {isa = PBXBuildFile; fileRef = 4B5F27331E5F5B26001B1E73 /* main.m */; };
		4B5F27371E5F5B26001B1E73 /* AppDelegate.m in Sources */ = {isa = PBXBuildFile; fileRef = 4B5F27361E5F5B26001B1E73 /* AppDelegate.m */; };
		4B5F273A1E5F5B26001B1E73 /* ViewController.m in Sources */ = {isa = PBXBuildFile; fileRef = 4B5F27391E5F5B26001B1E73 /* ViewController.m */; };
		4B5F273D1E5F5B26001B1E73 /* Main.storyboard in Resources */ = {isa = PBXBuildFile; fileRef = 4B5F273B1E5F5B26001B1E73 /* Main.storyboard */; };
		4B5F273F1E5F5B26001B1E73 /* Assets.xcassets in Resources */ = {isa = PBXBuildFile; fileRef = 4B5F273E1E5F5B26001B1E73 /* Assets.xcassets */; };
		4B5F27421E5F5B26001B1E73 /* LaunchScreen.storyboard in Resources */ = {isa = PBXBuildFile; fileRef = 4B5F27401E5F5B26001B1E73 /* LaunchScreen.storyboard */; };
		4BCA14731E5F5C9500F776E6 /* faustbench.cpp in Sources */ = {isa = PBXBuildFile; fileRef = 4BCA14721E5F5C9500F776E6 /* faustbench.cpp */; };
/* End PBXBuildFile section */

/* Begin PBXFileReference section */
		4B5F272F1E5F5B26001B1E73 /* faustbench.app */ = {isa = PBXFileReference; explicitFileType = wrapper.application; includeInIndex = 0; path = faustbench.app; sourceTree = BUILT_PRODUCTS_DIR; };
		4B5F27331E5F5B26001B1E73 /* main.m */ = {isa = PBXFileReference; lastKnownFileType = sourcecode.c.objc; path = main.m; sourceTree = "<group>"; };
		4B5F27351E5F5B26001B1E73 /* AppDelegate.h */ = {isa = PBXFileReference; lastKnownFileType = sourcecode.c.h; path = AppDelegate.h; sourceTree = "<group>"; };
		4B5F27361E5F5B26001B1E73 /* AppDelegate.m */ = {isa = PBXFileReference; lastKnownFileType = sourcecode.c.objc; path = AppDelegate.m; sourceTree = "<group>"; };
		4B5F27381E5F5B26001B1E73 /* ViewController.h */ = {isa = PBXFileReference; lastKnownFileType = sourcecode.c.h; path = ViewController.h; sourceTree = "<group>"; };
		4B5F27391E5F5B26001B1E73 /* ViewController.m */ = {isa = PBXFileReference; lastKnownFileType = sourcecode.c.objc; path = ViewController.m; sourceTree = "<group>"; };
		4B5F273C1E5F5B26001B1E73 /* Base */ = {isa = PBXFileReference; lastKnownFileType = file.storyboard; name = Base; path = Base.lproj/Main.storyboard; sourceTree = "<group>"; };
		4B5F273E1E5F5B26001B1E73 /* Assets.xcassets */ = {isa = PBXFileReference; lastKnownFileType = folder.assetcatalog; path = Assets.xcassets; sourceTree = "<group>"; };
		4B5F27411E5F5B26001B1E73 /* Base */ = {isa = PBXFileReference; lastKnownFileType = file.storyboard; name = Base; path = Base.lproj/LaunchScreen.storyboard; sourceTree = "<group>"; };
		4B5F27431E5F5B26001B1E73 /* Info.plist */ = {isa = PBXFileReference; lastKnownFileType = text.plist.xml; path = Info.plist; sourceTree = "<group>"; };
		4BCA14721E5F5C9500F776E6 /* faustbench.cpp */ = {isa = PBXFileReference; fileEncoding = 4; lastKnownFileType = sourcecode.cpp.cpp; path = faustbench.cpp; sourceTree = SOURCE_ROOT; };
/* End PBXFileReference section */

/* Begin PBXFrameworksBuildPhase section */
		4B5F272C1E5F5B26001B1E73 /* Frameworks */ = {
			isa = PBXFrameworksBuildPhase;
			buildActionMask = 2147483647;
			files = (
			);
			runOnlyForDeploymentPostprocessing = 0;
		};
/* End PBXFrameworksBuildPhase section */

/* Begin PBXGroup section */
		4B5F27261E5F5B26001B1E73 = {
			isa = PBXGroup;
			children = (
				4B5F27311E5F5B26001B1E73 /* faustbench */,
				4B5F27301E5F5B26001B1E73 /* Products */,
			);
			sourceTree = "<group>";
		};
		4B5F27301E5F5B26001B1E73 /* Products */ = {
			isa = PBXGroup;
			children = (
				4B5F272F1E5F5B26001B1E73 /* faustbench.app */,
			);
			name = Products;
			sourceTree = "<group>";
		};
		4B5F27311E5F5B26001B1E73 /* faustbench */ = {
			isa = PBXGroup;
			children = (
				4BCA14721E5F5C9500F776E6 /* faustbench.cpp */,
				4B5F27351E5F5B26001B1E73 /* AppDelegate.h */,
				4B5F27361E5F5B26001B1E73 /* AppDelegate.m */,
				4B5F27381E5F5B26001B1E73 /* ViewController.h */,
				4B5F27391E5F5B26001B1E73 /* ViewController.m */,
				4B5F273B1E5F5B26001B1E73 /* Main.storyboard */,
				4B5F273E1E5F5B26001B1E73 /* Assets.xcassets */,
				4B5F27401E5F5B26001B1E73 /* LaunchScreen.storyboard */,
				4B5F27431E5F5B26001B1E73 /* Info.plist */,
				4B5F27321E5F5B26001B1E73 /* Supporting Files */,
			);
			path = faustbench;
			sourceTree = "<group>";
		};
		4B5F27321E5F5B26001B1E73 /* Supporting Files */ = {
			isa = PBXGroup;
			children = (
				4B5F27331E5F5B26001B1E73 /* main.m */,
			);
			name = "Supporting Files";
			sourceTree = "<group>";
		};
/* End PBXGroup section */

/* Begin PBXNativeTarget section */
		4B5F272E1E5F5B26001B1E73 /* faustbench */ = {
			isa = PBXNativeTarget;
			buildConfigurationList = 4B5F27461E5F5B26001B1E73 /* Build configuration list for PBXNativeTarget "faustbench" */;
			buildPhases = (
				4B5F272B1E5F5B26001B1E73 /* Sources */,
				4B5F272C1E5F5B26001B1E73 /* Frameworks */,
				4B5F272D1E5F5B26001B1E73 /* Resources */,
			);
			buildRules = (
			);
			dependencies = (
			);
			name = faustbench;
			productName = faustbench;
			productReference = 4B5F272F1E5F5B26001B1E73 /* faustbench.app */;
			productType = "com.apple.product-type.application";
		};
/* End PBXNativeTarget section */

/* Begin PBXProject section */
		4B5F27271E5F5B26001B1E73 /* Project object */ = {
			isa = PBXProject;
			attributes = {
				LastUpgradeCheck = 0800;
				ORGANIZATIONNAME = "Stéphane LETZ";
				TargetAttributes = {
					4B5F272E1E5F5B26001B1E73 = {
						CreatedOnToolsVersion = 8.0;
						DevelopmentTeam = XN9RP996NW;
						ProvisioningStyle = Automatic;
					};
				};
			};
			buildConfigurationList = 4B5F272A1E5F5B26001B1E73 /* Build configuration list for PBXProject "faustbench" */;
			compatibilityVersion = "Xcode 3.2";
			developmentRegion = English;
			hasScannedForEncodings = 0;
			knownRegions = (
				en,
				Base,
			);
			mainGroup = 4B5F27261E5F5B26001B1E73;
			productRefGroup = 4B5F27301E5F5B26001B1E73 /* Products */;
			projectDirPath = "";
			projectRoot = "";
			targets = (
				4B5F272E1E5F5B26001B1E73 /* faustbench */,
			);
		};
/* End PBXProject section */

/* Begin PBXResourcesBuildPhase section */
		4B5F272D1E5F5B26001B1E73 /* Resources */ = {
			isa = PBXResourcesBuildPhase;
			buildActionMask = 2147483647;
			files = (
				4B5F27421E5F5B26001B1E73 /* LaunchScreen.storyboard in Resources */,
				4B5F273F1E5F5B26001B1E73 /* Assets.xcassets in Resources */,
				4B5F273D1E5F5B26001B1E73 /* Main.storyboard in Resources */,
			);
			runOnlyForDeploymentPostprocessing = 0;
		};
/* End PBXResourcesBuildPhase section */

/* Begin PBXSourcesBuildPhase section */
		4B5F272B1E5F5B26001B1E73 /* Sources */ = {
			isa = PBXSourcesBuildPhase;
			buildActionMask = 2147483647;
			files = (
				4B5F273A1E5F5B26001B1E73 /* ViewController.m in Sources */,
				4B5F27371E5F5B26001B1E73 /* AppDelegate.m in Sources */,
				4BCA14731E5F5C9500F776E6 /* faustbench.cpp in Sources */,
				4B5F27341E5F5B26001B1E73 /* main.m in Sources */,
			);
			runOnlyForDeploymentPostprocessing = 0;
		};
/* End PBXSourcesBuildPhase section */

/* Begin PBXVariantGroup section */
		4B5F273B1E5F5B26001B1E73 /* Main.storyboard */ = {
			isa = PBXVariantGroup;
			children = (
				4B5F273C1E5F5B26001B1E73 /* Base */,
			);
			name = Main.storyboard;
			sourceTree = "<group>";
		};
		4B5F27401E5F5B26001B1E73 /* LaunchScreen.storyboard */ = {
			isa = PBXVariantGroup;
			children = (
				4B5F27411E5F5B26001B1E73 /* Base */,
			);
			name = LaunchScreen.storyboard;
			sourceTree = "<group>";
		};
/* End PBXVariantGroup section */

/* Begin XCBuildConfiguration section */
		4B5F27441E5F5B26001B1E73 /* Debug */ = {
			isa = XCBuildConfiguration;
			buildSettings = {
				ALWAYS_SEARCH_USER_PATHS = NO;
				CLANG_ANALYZER_NONNULL = YES;
				CLANG_CXX_LANGUAGE_STANDARD = "gnu++0x";
				CLANG_CXX_LIBRARY = "libc++";
				CLANG_ENABLE_MODULES = YES;
				CLANG_ENABLE_OBJC_ARC = YES;
				CLANG_WARN_BOOL_CONVERSION = YES;
				CLANG_WARN_CONSTANT_CONVERSION = YES;
				CLANG_WARN_DIRECT_OBJC_ISA_USAGE = YES_ERROR;
				CLANG_WARN_DOCUMENTATION_COMMENTS = YES;
				CLANG_WARN_EMPTY_BODY = YES;
				CLANG_WARN_ENUM_CONVERSION = YES;
				CLANG_WARN_INFINITE_RECURSION = YES;
				CLANG_WARN_INT_CONVERSION = YES;
				CLANG_WARN_OBJC_ROOT_CLASS = YES_ERROR;
				CLANG_WARN_SUSPICIOUS_MOVES = YES;
				CLANG_WARN_UNREACHABLE_CODE = YES;
				CLANG_WARN__DUPLICATE_METHOD_MATCH = YES;
				"CODE_SIGN_IDENTITY[sdk=iphoneos*]" = "iPhone Developer";
				COPY_PHASE_STRIP = NO;
				DEBUG_INFORMATION_FORMAT = dwarf;
				ENABLE_STRICT_OBJC_MSGSEND = YES;
				ENABLE_TESTABILITY = YES;
				GCC_C_LANGUAGE_STANDARD = gnu99;
				GCC_DYNAMIC_NO_PIC = NO;
				GCC_NO_COMMON_BLOCKS = YES;
				GCC_OPTIMIZATION_LEVEL = 0;
				GCC_PREPROCESSOR_DEFINITIONS = (
					"DEBUG=1",
					"$(inherited)",
				);
				GCC_WARN_64_TO_32_BIT_CONVERSION = YES;
				GCC_WARN_ABOUT_RETURN_TYPE = YES_ERROR;
				GCC_WARN_UNDECLARED_SELECTOR = YES;
				GCC_WARN_UNINITIALIZED_AUTOS = YES_AGGRESSIVE;
				GCC_WARN_UNUSED_FUNCTION = YES;
				GCC_WARN_UNUSED_VARIABLE = YES;
				IPHONEOS_DEPLOYMENT_TARGET = 10.0;
				MTL_ENABLE_DEBUG_INFO = YES;
				ONLY_ACTIVE_ARCH = YES;
				SDKROOT = iphoneos;
				TARGETED_DEVICE_FAMILY = "1,2";
			};
			name = Debug;
		};
		4B5F27451E5F5B26001B1E73 /* Release */ = {
			isa = XCBuildConfiguration;
			buildSettings = {
				ALWAYS_SEARCH_USER_PATHS = NO;
				CLANG_ANALYZER_NONNULL = YES;
				CLANG_CXX_LANGUAGE_STANDARD = "gnu++0x";
				CLANG_CXX_LIBRARY = "libc++";
				CLANG_ENABLE_MODULES = YES;
				CLANG_ENABLE_OBJC_ARC = YES;
				CLANG_WARN_BOOL_CONVERSION = YES;
				CLANG_WARN_CONSTANT_CONVERSION = YES;
				CLANG_WARN_DIRECT_OBJC_ISA_USAGE = YES_ERROR;
				CLANG_WARN_DOCUMENTATION_COMMENTS = YES;
				CLANG_WARN_EMPTY_BODY = YES;
				CLANG_WARN_ENUM_CONVERSION = YES;
				CLANG_WARN_INFINITE_RECURSION = YES;
				CLANG_WARN_INT_CONVERSION = YES;
				CLANG_WARN_OBJC_ROOT_CLASS = YES_ERROR;
				CLANG_WARN_SUSPICIOUS_MOVES = YES;
				CLANG_WARN_UNREACHABLE_CODE = YES;
				CLANG_WARN__DUPLICATE_METHOD_MATCH = YES;
				"CODE_SIGN_IDENTITY[sdk=iphoneos*]" = "iPhone Developer";
				COPY_PHASE_STRIP = NO;
				DEBUG_INFORMATION_FORMAT = "dwarf-with-dsym";
				ENABLE_NS_ASSERTIONS = NO;
				ENABLE_STRICT_OBJC_MSGSEND = YES;
				GCC_C_LANGUAGE_STANDARD = gnu99;
				GCC_NO_COMMON_BLOCKS = YES;
				GCC_WARN_64_TO_32_BIT_CONVERSION = YES;
				GCC_WARN_ABOUT_RETURN_TYPE = YES_ERROR;
				GCC_WARN_UNDECLARED_SELECTOR = YES;
				GCC_WARN_UNINITIALIZED_AUTOS = YES_AGGRESSIVE;
				GCC_WARN_UNUSED_FUNCTION = YES;
				GCC_WARN_UNUSED_VARIABLE = YES;
				IPHONEOS_DEPLOYMENT_TARGET = 10.0;
				MTL_ENABLE_DEBUG_INFO = NO;
				SDKROOT = iphoneos;
				TARGETED_DEVICE_FAMILY = "1,2";
				VALIDATE_PRODUCT = YES;
			};
			name = Release;
		};
		4B5F27471E5F5B26001B1E73 /* Debug */ = {
			isa = XCBuildConfiguration;
			buildSettings = {
				ASSETCATALOG_COMPILER_APPICON_NAME = AppIcon;
				DEVELOPMENT_TEAM = XN9RP996NW;
				GCC_PREPROCESSOR_DEFINITIONS_NOT_USED_IN_PRECOMPS = TARGET_OS_IPHONE;
				INFOPLIST_FILE = faustbench/Info.plist;
				LD_RUNPATH_SEARCH_PATHS = "$(inherited) @executable_path/Frameworks";
				PRODUCT_BUNDLE_IDENTIFIER = com.grame.faustbench;
				PRODUCT_NAME = "$(TARGET_NAME)";
				USER_HEADER_SEARCH_PATHS = /usr/local/include;
			};
			name = Debug;
		};
		4B5F27481E5F5B26001B1E73 /* Release */ = {
			isa = XCBuildConfiguration;
			buildSettings = {
				ASSETCATALOG_COMPILER_APPICON_NAME = AppIcon;
				DEVELOPMENT_TEAM = XN9RP996NW;
				GCC_PREPROCESSOR_DEFINITIONS_NOT_USED_IN_PRECOMPS = TARGET_OS_IPHONE;
				INFOPLIST_FILE = faustbench/Info.plist;
				LD_RUNPATH_SEARCH_PATHS = "$(inherited) @executable_path/Frameworks";
				PRODUCT_BUNDLE_IDENTIFIER = com.grame.faustbench;
				PRODUCT_NAME = "$(TARGET_NAME)";
				USER_HEADER_SEARCH_PATHS = /usr/local/include;
			};
			name = Release;
		};
/* End XCBuildConfiguration section */

/* Begin XCConfigurationList section */
		4B5F272A1E5F5B26001B1E73 /* Build configuration list for PBXProject "faustbench" */ = {
			isa = XCConfigurationList;
			buildConfigurations = (
				4B5F27441E5F5B26001B1E73 /* Debug */,
				4B5F27451E5F5B26001B1E73 /* Release */,
			);
			defaultConfigurationIsVisible = 0;
			defaultConfigurationName = Release;
		};
		4B5F27461E5F5B26001B1E73 /* Build configuration list for PBXNativeTarget "faustbench" */ = {
			isa = XCConfigurationList;
			buildConfigurations = (
				4B5F27471E5F5B26001B1E73 /* Debug */,
				4B5F27481E5F5B26001B1E73 /* Release */,
			);
			defaultConfigurationIsVisible = 0;
			defaultConfigurationName = Release;
		};
/* End XCConfigurationList section */
	};
	rootObject = 4B5F27271E5F5B26001B1E73 /* Project object */;
}
